# This file is automatically @generated by Cargo.
# It is not intended for manual editing.
version = 4

[[package]]
name = "HamsterDrive"
version = "0.1.0"
dependencies = [
 "winsafe",
]

[[package]]
name = "winsafe"
version = "0.0.17"
source = "registry+https://github.com/rust-lang/crates.io-index"
checksum = "91d454b73a81f11bccf441f4d1e491ee70d804683df8a4056777cf9043f8daa1"
